
Microsoft Visual Studio Solution File, Format Version 12.00
# Visual Studio Version 17
VisualStudioVersion = 17.9.34728.123
MinimumVisualStudioVersion = 10.0.40219.1
Project("{FAE04EC0-301F-11D3-BF4B-00C04F79EFBC}") = "BusinessObject", "BusinessObject\BusinessObject.csproj", "{94261322-3C36-4F19-9BBC-AFA2A822B9E8}"
EndProject
Project("{FAE04EC0-301F-11D3-BF4B-00C04F79EFBC}") = "MyStoreWPFApp", "MyStoreWPFApp\MyStoreWPFApp.csproj", "{E3ACD028-C772-4C62-9F98-028C163B642D}"
EndProject
Project("{FAE04EC0-301F-11D3-BF4B-00C04F79EFBC}") = "DataAccess", "DataAccess\DataAccess.csproj", "{16D4669D-AB0A-4B63-9A6E-0EB57AE20C57}"
EndProject
Global
	GlobalSection(SolutionConfigurationPlatforms) = preSolution
		Debug|Any CPU = Debug|Any CPU
		Release|Any CPU = Release|Any CPU
	EndGlobalSection
	GlobalSection(ProjectConfigurationPlatforms) = postSolution
		{94261322-3C36-4F19-9BBC-AFA2A822B9E8}.Debug|Any CPU.ActiveCfg = Debug|Any CPU
		{94261322-3C36-4F19-9BBC-AFA2A822B9E8}.Debug|Any CPU.Build.0 = Debug|Any CPU
		{94261322-3C36-4F19-9BBC-AFA2A822B9E8}.Release|Any CPU.ActiveCfg = Release|Any CPU
		{94261322-3C36-4F19-9BBC-AFA2A822B9E8}.Release|Any CPU.Build.0 = Release|Any CPU
		{E3ACD028-C772-4C62-9F98-028C163B642D}.Debug|Any CPU.ActiveCfg = Debug|Any CPU
		{E3ACD028-C772-4C62-9F98-028C163B642D}.Debug|Any CPU.Build.0 = Debug|Any CPU
		{E3ACD028-C772-4C62-9F98-028C163B642D}.Release|Any CPU.ActiveCfg = Release|Any CPU
		{E3ACD028-C772-4C62-9F98-028C163B642D}.Release|Any CPU.Build.0 = Release|Any CPU
		{16D4669D-AB0A-4B63-9A6E-0EB57AE20C57}.Debug|Any CPU.ActiveCfg = Debug|Any CPU
		{16D4669D-AB0A-4B63-9A6E-0EB57AE20C57}.Debug|Any CPU.Build.0 = Debug|Any CPU
		{16D4669D-AB0A-4B63-9A6E-0EB57AE20C57}.Release|Any CPU.ActiveCfg = Release|Any CPU
		{16D4669D-AB0A-4B63-9A6E-0EB57AE20C57}.Release|Any CPU.Build.0 = Release|Any CPU
	EndGlobalSection
	GlobalSection(SolutionProperties) = preSolution
		HideSolutionNode = FALSE
	EndGlobalSection
	GlobalSection(ExtensibilityGlobals) = postSolution
		SolutionGuid = {8E620F51-FC2D-41DF-BCA1-9CE26ACE891A}
	EndGlobalSection
EndGlobal
